Microsoft Visual Studio Solution File, Format Version 12.00
# Visual Studio Version 17
VisualStudioVersion = 17.5.2.0
MinimumVisualStudioVersion = 10.0.40219.1
Project("{2150E333-8FDC-42A3-9474-1A3956D46DE8}") = "Solution Items", "Solution Items", "{8EC462FD-D22E-90A8-E5CE-7E832BA40C5D}"
	ProjectSection(SolutionItems) = preProject
		.editorconfig = .editorconfig
		.gitignore = .gitignore
		.mcp.json = .mcp.json
		.github\copilot-instructions.md = .github\copilot-instructions.md
		README.md = README.md
	EndProjectSection
EndProject
Project("{FAE04EC0-301F-11D3-BF4B-00C04F79EFBC}") = "semantic-kernel-template-chat", "semantic-kernel-template-chat\semantic-kernel-template-chat.csproj", "{1EE437B8-F733-3F7F-324C-A38FA6CABCA0}"
EndProject
Project("{FAE04EC0-301F-11D3-BF4B-00C04F79EFBC}") = "document_loader", "document_loader\document_loader.csproj", "{E7079860-5A87-4DE2-8D3F-BB2E6E97053C}"
EndProject
Project("{FAE04EC0-301F-11D3-BF4B-00C04F79EFBC}") = "semantic-kernel-console", "semantic-kernel-console\semantic-kernel-console.csproj", "{93341FB8-C3CF-41B8-B7F5-2A95F3564F69}"
EndProject
Project("{FAE04EC0-301F-11D3-BF4B-00C04F79EFBC}") = "semantic-kernel-console-gemini", "semantic-kernel-console-gemini\semantic-kernel-console-gemini.csproj", "{104BE3EE-E3AA-843B-6A00-BCA2700111F3}"
EndProject
Project("{FAE04EC0-301F-11D3-BF4B-00C04F79EFBC}") = "test-data", "test-data\test-data.csproj", "{96AA64A4-F5A2-40E4-8CBF-ABCFF3DA6625}"
EndProject
Project("{FAE04EC0-301F-11D3-BF4B-00C04F79EFBC}") = "semantic-kernel-text-search", "semantic-kernel-text-search\semantic-kernel-text-search.csproj", "{44D2E225-01F7-44DC-BE5F-DE3D8FC4B247}"
EndProject
Project("{FAE04EC0-301F-11D3-BF4B-00C04F79EFBC}") = "unit-test-playground", "unit-test-playground\unit-test-playground.csproj", "{4212E82D-3E18-4E6C-84A2-2B34A0154BAD}"
EndProject
Project("{FAE04EC0-301F-11D3-BF4B-00C04F79EFBC}") = "semantic-kernel-azure-sql-vectors", "semantic-kernel-azure-sql-vectors\semantic-kernel-azure-sql-vectors.csproj", "{191A0240-4693-4C22-94B3-62568C5CF7BE}"
EndProject
Project("{FAE04EC0-301F-11D3-BF4B-00C04F79EFBC}") = "mcp-simple-server", "mcp-simple-server\mcp-simple-server.csproj", "{36E885F7-2FE8-488C-A4EB-B9B9A6080B34}"
EndProject
Project("{FAE04EC0-301F-11D3-BF4B-00C04F79EFBC}") = "semantic-kernel-azure-openai-managed-id-auth", "semantic-kernel-azure-openai-managed-id-auth\semantic-kernel-azure-openai-managed-id-auth.csproj", "{38A377AD-65F1-4FD5-A95F-0470489C7ECF}"
EndProject
Project("{FAE04EC0-301F-11D3-BF4B-00C04F79EFBC}") = "semantic-kernel-redis-cache", "semantic-kernel-redis-cache\semantic-kernel-redis-cache.csproj", "{CFE67856-0D51-4C2E-BAD5-26DBBE296C52}"
EndProject
Project("{2150E333-8FDC-42A3-9474-1A3956D46DE8}") = "deployment", "deployment", "{02EA681E-C7D8-13C7-8484-4AC65E1B71E8}"
EndProject
Project("{2150E333-8FDC-42A3-9474-1A3956D46DE8}") = "bicep", "bicep", "{AE2632EC-C075-4D35-B874-790746A9B30E}"
EndProject
Project("{FAE04EC0-301F-11D3-BF4B-00C04F79EFBC}") = "ml-net-logistic-regression-bank-churn", "ml-net-logistic-regression-bank-churn\ml-net-logistic-regression-bank-churn.csproj", "{FFA653D3-B5BB-43DC-B3C1-E0FDA0EF2D6A}"
EndProject
Project("{FAE04EC0-301F-11D3-BF4B-00C04F79EFBC}") = "mcp-simple-client", "mcp-simple-client\mcp-simple-client.csproj", "{4A37DA51-686C-74A5-FDAF-0D7B7996AF07}"
EndProject
Global
	GlobalSection(SolutionConfigurationPlatforms) = preSolution
		Debug|Any CPU = Debug|Any CPU
		Release|Any CPU = Release|Any CPU
	EndGlobalSection
	GlobalSection(ProjectConfigurationPlatforms) = postSolution
		{1EE437B8-F733-3F7F-324C-A38FA6CABCA0}.Debug|Any CPU.ActiveCfg = Debug|Any CPU
		{1EE437B8-F733-3F7F-324C-A38FA6CABCA0}.Debug|Any CPU.Build.0 = Debug|Any CPU
		{1EE437B8-F733-3F7F-324C-A38FA6CABCA0}.Release|Any CPU.ActiveCfg = Release|Any CPU
		{1EE437B8-F733-3F7F-324C-A38FA6CABCA0}.Release|Any CPU.Build.0 = Release|Any CPU
		{E7079860-5A87-4DE2-8D3F-BB2E6E97053C}.Debug|Any CPU.ActiveCfg = Debug|Any CPU
		{E7079860-5A87-4DE2-8D3F-BB2E6E97053C}.Debug|Any CPU.Build.0 = Debug|Any CPU
		{E7079860-5A87-4DE2-8D3F-BB2E6E97053C}.Release|Any CPU.ActiveCfg = Release|Any CPU
		{E7079860-5A87-4DE2-8D3F-BB2E6E97053C}.Release|Any CPU.Build.0 = Release|Any CPU
		{93341FB8-C3CF-41B8-B7F5-2A95F3564F69}.Debug|Any CPU.ActiveCfg = Debug|Any CPU
		{93341FB8-C3CF-41B8-B7F5-2A95F3564F69}.Debug|Any CPU.Build.0 = Debug|Any CPU
		{93341FB8-C3CF-41B8-B7F5-2A95F3564F69}.Release|Any CPU.ActiveCfg = Release|Any CPU
		{93341FB8-C3CF-41B8-B7F5-2A95F3564F69}.Release|Any CPU.Build.0 = Release|Any CPU
		{104BE3EE-E3AA-843B-6A00-BCA2700111F3}.Debug|Any CPU.ActiveCfg = Debug|Any CPU
		{104BE3EE-E3AA-843B-6A00-BCA2700111F3}.Debug|Any CPU.Build.0 = Debug|Any CPU
		{104BE3EE-E3AA-843B-6A00-BCA2700111F3}.Release|Any CPU.ActiveCfg = Release|Any CPU
		{104BE3EE-E3AA-843B-6A00-BCA2700111F3}.Release|Any CPU.Build.0 = Release|Any CPU
		{96AA64A4-F5A2-40E4-8CBF-ABCFF3DA6625}.Debug|Any CPU.ActiveCfg = Debug|Any CPU
		{96AA64A4-F5A2-40E4-8CBF-ABCFF3DA6625}.Debug|Any CPU.Build.0 = Debug|Any CPU
		{96AA64A4-F5A2-40E4-8CBF-ABCFF3DA6625}.Release|Any CPU.ActiveCfg = Release|Any CPU
		{96AA64A4-F5A2-40E4-8CBF-ABCFF3DA6625}.Release|Any CPU.Build.0 = Release|Any CPU
		{44D2E225-01F7-44DC-BE5F-DE3D8FC4B247}.Debug|Any CPU.ActiveCfg = Debug|Any CPU
		{44D2E225-01F7-44DC-BE5F-DE3D8FC4B247}.Debug|Any CPU.Build.0 = Debug|Any CPU
		{44D2E225-01F7-44DC-BE5F-DE3D8FC4B247}.Release|Any CPU.ActiveCfg = Release|Any CPU
		{44D2E225-01F7-44DC-BE5F-DE3D8FC4B247}.Release|Any CPU.Build.0 = Release|Any CPU
		{4212E82D-3E18-4E6C-84A2-2B34A0154BAD}.Debug|Any CPU.ActiveCfg = Debug|Any CPU
		{4212E82D-3E18-4E6C-84A2-2B34A0154BAD}.Debug|Any CPU.Build.0 = Debug|Any CPU
		{4212E82D-3E18-4E6C-84A2-2B34A0154BAD}.Release|Any CPU.ActiveCfg = Release|Any CPU
		{4212E82D-3E18-4E6C-84A2-2B34A0154BAD}.Release|Any CPU.Build.0 = Release|Any CPU
		{191A0240-4693-4C22-94B3-62568C5CF7BE}.Debug|Any CPU.ActiveCfg = Debug|Any CPU
		{191A0240-4693-4C22-94B3-62568C5CF7BE}.Debug|Any CPU.Build.0 = Debug|Any CPU
		{191A0240-4693-4C22-94B3-62568C5CF7BE}.Release|Any CPU.ActiveCfg = Release|Any CPU
		{191A0240-4693-4C22-94B3-62568C5CF7BE}.Release|Any CPU.Build.0 = Release|Any CPU
		{36E885F7-2FE8-488C-A4EB-B9B9A6080B34}.Debug|Any CPU.ActiveCfg = Debug|Any CPU
		{36E885F7-2FE8-488C-A4EB-B9B9A6080B34}.Debug|Any CPU.Build.0 = Debug|Any CPU
		{36E885F7-2FE8-488C-A4EB-B9B9A6080B34}.Release|Any CPU.ActiveCfg = Release|Any CPU
		{36E885F7-2FE8-488C-A4EB-B9B9A6080B34}.Release|Any CPU.Build.0 = Release|Any CPU
		{38A377AD-65F1-4FD5-A95F-0470489C7ECF}.Debug|Any CPU.ActiveCfg = Debug|Any CPU
		{38A377AD-65F1-4FD5-A95F-0470489C7ECF}.Debug|Any CPU.Build.0 = Debug|Any CPU
		{38A377AD-65F1-4FD5-A95F-0470489C7ECF}.Release|Any CPU.ActiveCfg = Release|Any CPU
		{38A377AD-65F1-4FD5-A95F-0470489C7ECF}.Release|Any CPU.Build.0 = Release|Any CPU
		{CFE67856-0D51-4C2E-BAD5-26DBBE296C52}.Debug|Any CPU.ActiveCfg = Debug|Any CPU
		{CFE67856-0D51-4C2E-BAD5-26DBBE296C52}.Debug|Any CPU.Build.0 = Debug|Any CPU
		{CFE67856-0D51-4C2E-BAD5-26DBBE296C52}.Release|Any CPU.ActiveCfg = Release|Any CPU
		{CFE67856-0D51-4C2E-BAD5-26DBBE296C52}.Release|Any CPU.Build.0 = Release|Any CPU
		{FFA653D3-B5BB-43DC-B3C1-E0FDA0EF2D6A}.Debug|Any CPU.ActiveCfg = Debug|Any CPU
		{FFA653D3-B5BB-43DC-B3C1-E0FDA0EF2D6A}.Debug|Any CPU.Build.0 = Debug|Any CPU
		{FFA653D3-B5BB-43DC-B3C1-E0FDA0EF2D6A}.Release|Any CPU.ActiveCfg = Release|Any CPU
		{FFA653D3-B5BB-43DC-B3C1-E0FDA0EF2D6A}.Release|Any CPU.Build.0 = Release|Any CPU
		{4A37DA51-686C-74A5-FDAF-0D7B7996AF07}.Debug|Any CPU.ActiveCfg = Debug|Any CPU
		{4A37DA51-686C-74A5-FDAF-0D7B7996AF07}.Debug|Any CPU.Build.0 = Debug|Any CPU
		{4A37DA51-686C-74A5-FDAF-0D7B7996AF07}.Release|Any CPU.ActiveCfg = Release|Any CPU
		{4A37DA51-686C-74A5-FDAF-0D7B7996AF07}.Release|Any CPU.Build.0 = Release|Any CPU
	EndGlobalSection
	GlobalSection(SolutionProperties) = preSolution
		HideSolutionNode = FALSE
	EndGlobalSection
	GlobalSection(NestedProjects) = preSolution
		{02EA681E-C7D8-13C7-8484-4AC65E1B71E8} = {8EC462FD-D22E-90A8-E5CE-7E832BA40C5D}
		{AE2632EC-C075-4D35-B874-790746A9B30E} = {02EA681E-C7D8-13C7-8484-4AC65E1B71E8}
	EndGlobalSection
	GlobalSection(ExtensibilityGlobals) = postSolution
		SolutionGuid = {7C5A673B-37BB-4F5C-8B76-A14C18C3000C}
	EndGlobalSection
EndGlobal
