Microsoft Visual Studio Solution File, Format Version 12.00
# Visual Studio Version 17
VisualStudioVersion = 17.5.2.0
MinimumVisualStudioVersion = 10.0.40219.1
Project("{2150E333-8FDC-42A3-9474-1A3956D46DE8}") = "Solution Items", "Solution Items", "{8EC462FD-D22E-90A8-E5CE-7E832BA40C5D}"
	ProjectSection(SolutionItems) = preProject
		.editorconfig = .editorconfig
		.gitignore = .gitignore
		.github\copilot-instructions.md = .github\copilot-instructions.md
		README.md = README.md
	EndProjectSection
EndProject
Project("{FAE04EC0-301F-11D3-BF4B-00C04F79EFBC}") = "semantic-kernel-template-chat", "semantic-kernel-template-chat\semantic-kernel-template-chat.csproj", "{1EE437B8-F733-3F7F-324C-A38FA6CABCA0}"
EndProject
Project("{FAE04EC0-301F-11D3-BF4B-00C04F79EFBC}") = "document_loader", "document_loader\document_loader.csproj", "{E7079860-5A87-4DE2-8D3F-BB2E6E97053C}"
EndProject
Project("{FAE04EC0-301F-11D3-BF4B-00C04F79EFBC}") = "semantic-kernel-console", "semantic-kernel-console\semantic-kernel-console.csproj", "{93341FB8-C3CF-41B8-B7F5-2A95F3564F69}"
EndProject
Project("{FAE04EC0-301F-11D3-BF4B-00C04F79EFBC}") = "semantic-kernel-console-gemini", "semantic-kernel-console-gemini\semantic-kernel-console-gemini.csproj", "{104BE3EE-E3AA-843B-6A00-BCA2700111F3}"
EndProject
Project("{FAE04EC0-301F-11D3-BF4B-00C04F79EFBC}") = "test-data", "test-data\test-data.csproj", "{96AA64A4-F5A2-40E4-8CBF-ABCFF3DA6625}"
EndProject
Project("{FAE04EC0-301F-11D3-BF4B-00C04F79EFBC}") = "semantic-kernel-text-search", "semantic-kernel-text-search\semantic-kernel-text-search.csproj", "{44D2E225-01F7-44DC-BE5F-DE3D8FC4B247}"
EndProject
Project("{FAE04EC0-301F-11D3-BF4B-00C04F79EFBC}") = "unit-test-playground", "unit-test-playground\unit-test-playground.csproj", "{4212E82D-3E18-4E6C-84A2-2B34A0154BAD}"
EndProject
Global
	GlobalSection(SolutionConfigurationPlatforms) = preSolution
		Debug|Any CPU = Debug|Any CPU
		Release|Any CPU = Release|Any CPU
	EndGlobalSection
	GlobalSection(ProjectConfigurationPlatforms) = postSolution
		{1EE437B8-F733-3F7F-324C-A38FA6CABCA0}.Debug|Any CPU.ActiveCfg = Debug|Any CPU
		{1EE437B8-F733-3F7F-324C-A38FA6CABCA0}.Debug|Any CPU.Build.0 = Debug|Any CPU
		{1EE437B8-F733-3F7F-324C-A38FA6CABCA0}.Release|Any CPU.ActiveCfg = Release|Any CPU
		{1EE437B8-F733-3F7F-324C-A38FA6CABCA0}.Release|Any CPU.Build.0 = Release|Any CPU
		{E7079860-5A87-4DE2-8D3F-BB2E6E97053C}.Debug|Any CPU.ActiveCfg = Debug|Any CPU
		{E7079860-5A87-4DE2-8D3F-BB2E6E97053C}.Debug|Any CPU.Build.0 = Debug|Any CPU
		{E7079860-5A87-4DE2-8D3F-BB2E6E97053C}.Release|Any CPU.ActiveCfg = Release|Any CPU
		{E7079860-5A87-4DE2-8D3F-BB2E6E97053C}.Release|Any CPU.Build.0 = Release|Any CPU
		{93341FB8-C3CF-41B8-B7F5-2A95F3564F69}.Debug|Any CPU.ActiveCfg = Debug|Any CPU
		{93341FB8-C3CF-41B8-B7F5-2A95F3564F69}.Debug|Any CPU.Build.0 = Debug|Any CPU
		{93341FB8-C3CF-41B8-B7F5-2A95F3564F69}.Release|Any CPU.ActiveCfg = Release|Any CPU
		{93341FB8-C3CF-41B8-B7F5-2A95F3564F69}.Release|Any CPU.Build.0 = Release|Any CPU
		{104BE3EE-E3AA-843B-6A00-BCA2700111F3}.Debug|Any CPU.ActiveCfg = Debug|Any CPU
		{104BE3EE-E3AA-843B-6A00-BCA2700111F3}.Debug|Any CPU.Build.0 = Debug|Any CPU
		{104BE3EE-E3AA-843B-6A00-BCA2700111F3}.Release|Any CPU.ActiveCfg = Release|Any CPU
		{104BE3EE-E3AA-843B-6A00-BCA2700111F3}.Release|Any CPU.Build.0 = Release|Any CPU
		{96AA64A4-F5A2-40E4-8CBF-ABCFF3DA6625}.Debug|Any CPU.ActiveCfg = Debug|Any CPU
		{96AA64A4-F5A2-40E4-8CBF-ABCFF3DA6625}.Debug|Any CPU.Build.0 = Debug|Any CPU
		{96AA64A4-F5A2-40E4-8CBF-ABCFF3DA6625}.Release|Any CPU.ActiveCfg = Release|Any CPU
		{96AA64A4-F5A2-40E4-8CBF-ABCFF3DA6625}.Release|Any CPU.Build.0 = Release|Any CPU
		{44D2E225-01F7-44DC-BE5F-DE3D8FC4B247}.Debug|Any CPU.ActiveCfg = Debug|Any CPU
		{44D2E225-01F7-44DC-BE5F-DE3D8FC4B247}.Debug|Any CPU.Build.0 = Debug|Any CPU
		{44D2E225-01F7-44DC-BE5F-DE3D8FC4B247}.Release|Any CPU.ActiveCfg = Release|Any CPU
		{44D2E225-01F7-44DC-BE5F-DE3D8FC4B247}.Release|Any CPU.Build.0 = Release|Any CPU
		{4212E82D-3E18-4E6C-84A2-2B34A0154BAD}.Debug|Any CPU.ActiveCfg = Debug|Any CPU
		{4212E82D-3E18-4E6C-84A2-2B34A0154BAD}.Debug|Any CPU.Build.0 = Debug|Any CPU
		{4212E82D-3E18-4E6C-84A2-2B34A0154BAD}.Release|Any CPU.ActiveCfg = Release|Any CPU
		{4212E82D-3E18-4E6C-84A2-2B34A0154BAD}.Release|Any CPU.Build.0 = Release|Any CPU
	EndGlobalSection
	GlobalSection(SolutionProperties) = preSolution
		HideSolutionNode = FALSE
	EndGlobalSection
	GlobalSection(ExtensibilityGlobals) = postSolution
		SolutionGuid = {7C5A673B-37BB-4F5C-8B76-A14C18C3000C}
	EndGlobalSection
EndGlobal
