<Solution>
  <Folder Name="/agent-framework-template-chat/">
    <Project Path="agent-framework-template-chat/agent-framework-template-chat.AppHost/agent-framework-template-chat.AppHost.csproj" />
    <Project Path="agent-framework-template-chat/agent-framework-template-chat.ServiceDefaults/agent-framework-template-chat.ServiceDefaults.csproj" />
    <Project Path="agent-framework-template-chat/agent-framework-template-chat.Web/agent-framework-template-chat.Web.csproj" />
  </Folder>
  <Folder Name="/Solution Items/">
    <File Path=".editorconfig" />
    <File Path=".github/copilot-instructions.md" />
    <File Path=".gitignore" />
    <File Path=".mcp.json" />
    <File Path="README.md" />
  </Folder>
  <Folder Name="/Solution Items/deployment/" />
  <Folder Name="/Solution Items/deployment/bicep/" />
  <Project Path="agent-framework-console/agent-framework-console.csproj" Id="04b23749-78b7-461a-a5f4-f417d834e466" />
  <Project Path="agent-framework-templated-prompt/agent-framework-templated-prompt.csproj" />
  <Project Path="document_loader/document_loader.csproj" />
  <Project Path="github-models-azure-ai/github-models-azure-ai.csproj" />
  <Project Path="mcp-simple-client/mcp-simple-client.csproj" />
  <Project Path="mcp-simple-server/mcp-simple-server.csproj" />
  <Project Path="ml-net-logistic-regression-bank-churn/ml-net-logistic-regression-bank-churn.csproj" />
  <Project Path="semantic-kernel-azure-openai-managed-id-auth/semantic-kernel-azure-openai-managed-id-auth.csproj" />
  <Project Path="semantic-kernel-azure-sql-vectors/semantic-kernel-azure-sql-vectors.csproj" />
  <Project Path="semantic-kernel-console-gemini/semantic-kernel-console-gemini.csproj" />
  <Project Path="semantic-kernel-console/semantic-kernel-console.csproj" />
  <Project Path="semantic-kernel-redis-cache/semantic-kernel-redis-cache.csproj" />
  <Project Path="semantic-kernel-telemetry/semantic-kernel-telemetry.csproj" Id="491baac1-7bf8-42f3-a0b9-5fdcf2402600" />
  <Project Path="semantic-kernel-text-search/semantic-kernel-text-search.csproj" />
  <Project Path="temp-telemetry/temp-telemetry.csproj" Id="ef92e5e0-c09f-40c1-b2ef-21b85b06df8d" />
  <Project Path="test-data/test-data.csproj" />
  <Project Path="unit-test-playground/unit-test-playground.csproj" />
  <Project Path="Utilities/Utilities.csproj" Id="1aa75c86-fa33-4301-993d-d49a28856ff9" />
</Solution>
